
Microsoft Visual Studio Solution File, Format Version 12.00
# Visual Studio Version 16
VisualStudioVersion = 16.0.31729.503
MinimumVisualStudioVersion = 10.0.40219.1
Project("{FAE04EC0-301F-11D3-BF4B-00C04F79EFBC}") = "Appalachia", "Appalachia\Appalachia.csproj", "{1F83DD76-914A-4EB0-BF8B-B2DC89CBD157}"
EndProject
Global
	GlobalSection(SolutionConfigurationPlatforms) = preSolution
		Debug|Any CPU = Debug|Any CPU
		Release|Any CPU = Release|Any CPU
	EndGlobalSection
	GlobalSection(ProjectConfigurationPlatforms) = postSolution
		{1F83DD76-914A-4EB0-BF8B-B2DC89CBD157}.Debug|Any CPU.ActiveCfg = Debug|Any CPU
		{1F83DD76-914A-4EB0-BF8B-B2DC89CBD157}.Debug|Any CPU.Build.0 = Debug|Any CPU
		{1F83DD76-914A-4EB0-BF8B-B2DC89CBD157}.Release|Any CPU.ActiveCfg = Release|Any CPU
		{1F83DD76-914A-4EB0-BF8B-B2DC89CBD157}.Release|Any CPU.Build.0 = Release|Any CPU
	EndGlobalSection
	GlobalSection(SolutionProperties) = preSolution
		HideSolutionNode = FALSE
	EndGlobalSection
	GlobalSection(ExtensibilityGlobals) = postSolution
		SolutionGuid = {CE976341-8A2E-4997-9867-3CC49F4C4C1D}
	EndGlobalSection
EndGlobal
